// !$*UTF8*$!
{
	archiveVersion = 1;
	classes = {
	};
	objectVersion = 48;
	objects = {

/* Begin PBXBuildFile section */
		647F23301FFF3F5F00CCEEA9 /* AppDelegate.swift in Sources */ = {isa = PBXBuildFile; fileRef = 647F232F1FFF3F5F00CCEEA9 /* AppDelegate.swift */; };
		647F23321FFF3F5F00CCEEA9 /* ViewController.swift in Sources */ = {isa = PBXBuildFile; fileRef = 647F23311FFF3F5F00CCEEA9 /* ViewController.swift */; };
		647F23351FFF3F5F00CCEEA9 /* Main.storyboard in Resources */ = {isa = PBXBuildFile; fileRef = 647F23331FFF3F5F00CCEEA9 /* Main.storyboard */; };
		647F23371FFF3F5F00CCEEA9 /* Assets.xcassets in Resources */ = {isa = PBXBuildFile; fileRef = 647F23361FFF3F5F00CCEEA9 /* Assets.xcassets */; };
		647F233A1FFF3F5F00CCEEA9 /* LaunchScreen.storyboard in Resources */ = {isa = PBXBuildFile; fileRef = 647F23381FFF3F5F00CCEEA9 /* LaunchScreen.storyboard */; };
		C4FD0DF76000FD69D1315D69 /* Pods_Sample.framework in Frameworks */ = {isa = PBXBuildFile; fileRef = 95B250CFE0849FD21A0060BF /* Pods_Sample.framework */; };
/* End PBXBuildFile section */

/* Begin PBXFileReference section */
		01EEE050FBE05D24D15D54F7 /* Pods-Sample.debug.xcconfig */ = {isa = PBXFileReference; includeInIndex = 1; lastKnownFileType = text.xcconfig; name = "Pods-Sample.debug.xcconfig"; path = "Pods/Target Support Files/Pods-Sample/Pods-Sample.debug.xcconfig"; sourceTree = "<group>"; };
		5CCD57BF20B57529003BD65D /* README.adoc */ = {isa = PBXFileReference; lastKnownFileType = text; name = README.adoc; path = ../README.adoc; sourceTree = "<group>"; };
		647F232C1FFF3F5F00CCEEA9 /* Sample.app */ = {isa = PBXFileReference; explicitFileType = wrapper.application; includeInIndex = 0; path = Sample.app; sourceTree = BUILT_PRODUCTS_DIR; };
		647F232F1FFF3F5F00CCEEA9 /* AppDelegate.swift */ = {isa = PBXFileReference; lastKnownFileType = sourcecode.swift; path = AppDelegate.swift; sourceTree = "<group>"; };
		647F23311FFF3F5F00CCEEA9 /* ViewController.swift */ = {isa = PBXFileReference; lastKnownFileType = sourcecode.swift; path = ViewController.swift; sourceTree = "<group>"; };
		647F23341FFF3F5F00CCEEA9 /* Base */ = {isa = PBXFileReference; lastKnownFileType = file.storyboard; name = Base; path = Base.lproj/Main.storyboard; sourceTree = "<group>"; };
		647F23361FFF3F5F00CCEEA9 /* Assets.xcassets */ = {isa = PBXFileReference; lastKnownFileType = folder.assetcatalog; path = Assets.xcassets; sourceTree = "<group>"; };
		647F23391FFF3F5F00CCEEA9 /* Base */ = {isa = PBXFileReference; lastKnownFileType = file.storyboard; name = Base; path = Base.lproj/LaunchScreen.storyboard; sourceTree = "<group>"; };
		647F233B1FFF3F5F00CCEEA9 /* Info.plist */ = {isa = PBXFileReference; lastKnownFileType = text.plist.xml; path = Info.plist; sourceTree = "<group>"; };
		647F23421FFF404900CCEEA9 /* JustLayout.framework */ = {isa = PBXFileReference; explicitFileType = wrapper.framework; path = JustLayout.framework; sourceTree = BUILT_PRODUCTS_DIR; };
		64F49FB72074A5C2007C8B3A /* LICENSE.md */ = {isa = PBXFileReference; lastKnownFileType = net.daringfireball.markdown; name = LICENSE.md; path = ../LICENSE.md; sourceTree = "<group>"; };
		64F49FB92074A5C2007C8B3A /* JustLayout.podspec */ = {isa = PBXFileReference; explicitFileType = text.script.ruby; name = JustLayout.podspec; path = ../JustLayout.podspec; sourceTree = "<group>"; xcLanguageSpecificationIdentifier = xcode.lang.ruby; };
		64F49FBA2074A5C2007C8B3A /* Package.swift */ = {isa = PBXFileReference; lastKnownFileType = sourcecode.swift; name = Package.swift; path = ../Package.swift; sourceTree = "<group>"; };
		64F49FBB2074A5C2007C8B3A /* .gitignore */ = {isa = PBXFileReference; lastKnownFileType = text; name = .gitignore; path = ../.gitignore; sourceTree = "<group>"; };
		95B250CFE0849FD21A0060BF /* Pods_Sample.framework */ = {isa = PBXFileReference; explicitFileType = wrapper.framework; includeInIndex = 0; path = Pods_Sample.framework; sourceTree = BUILT_PRODUCTS_DIR; };
		B94A377CECFA26245C2F93EC /* Pods-Sample.release.xcconfig */ = {isa = PBXFileReference; includeInIndex = 1; lastKnownFileType = text.xcconfig; name = "Pods-Sample.release.xcconfig"; path = "Pods/Target Support Files/Pods-Sample/Pods-Sample.release.xcconfig"; sourceTree = "<group>"; };
/* End PBXFileReference section */

/* Begin PBXFrameworksBuildPhase section */
		647F23291FFF3F5F00CCEEA9 /* Frameworks */ = {
			isa = PBXFrameworksBuildPhase;
			buildActionMask = 2147483647;
			files = (
				C4FD0DF76000FD69D1315D69 /* Pods_Sample.framework in Frameworks */,
			);
			runOnlyForDeploymentPostprocessing = 0;
		};
/* End PBXFrameworksBuildPhase section */

/* Begin PBXGroup section */
		647F23231FFF3F5F00CCEEA9 = {
			isa = PBXGroup;
			children = (
				64F49FBB2074A5C2007C8B3A /* .gitignore */,
				64F49FB92074A5C2007C8B3A /* JustLayout.podspec */,
				64F49FB72074A5C2007C8B3A /* LICENSE.md */,
				64F49FBA2074A5C2007C8B3A /* Package.swift */,
				5CCD57BF20B57529003BD65D /* README.adoc */,
				647F232E1FFF3F5F00CCEEA9 /* Sample */,
				647F232D1FFF3F5F00CCEEA9 /* Products */,
				EFC92C5AF27A852EF6FEF649 /* Pods */,
				8532B39B41717BA4D89EDCD3 /* Frameworks */,
			);
			sourceTree = "<group>";
		};
		647F232D1FFF3F5F00CCEEA9 /* Products */ = {
			isa = PBXGroup;
			children = (
				647F232C1FFF3F5F00CCEEA9 /* Sample.app */,
			);
			name = Products;
			sourceTree = "<group>";
		};
		647F232E1FFF3F5F00CCEEA9 /* Sample */ = {
			isa = PBXGroup;
			children = (
				647F232F1FFF3F5F00CCEEA9 /* AppDelegate.swift */,
				647F23311FFF3F5F00CCEEA9 /* ViewController.swift */,
				647F23331FFF3F5F00CCEEA9 /* Main.storyboard */,
				647F23361FFF3F5F00CCEEA9 /* Assets.xcassets */,
				647F23381FFF3F5F00CCEEA9 /* LaunchScreen.storyboard */,
				647F233B1FFF3F5F00CCEEA9 /* Info.plist */,
			);
			path = Sample;
			sourceTree = "<group>";
		};
		8532B39B41717BA4D89EDCD3 /* Frameworks */ = {
			isa = PBXGroup;
			children = (
				647F23421FFF404900CCEEA9 /* JustLayout.framework */,
				95B250CFE0849FD21A0060BF /* Pods_Sample.framework */,
			);
			name = Frameworks;
			sourceTree = "<group>";
		};
		EFC92C5AF27A852EF6FEF649 /* Pods */ = {
			isa = PBXGroup;
			children = (
				01EEE050FBE05D24D15D54F7 /* Pods-Sample.debug.xcconfig */,
				B94A377CECFA26245C2F93EC /* Pods-Sample.release.xcconfig */,
			);
			name = Pods;
			sourceTree = "<group>";
		};
/* End PBXGroup section */

/* Begin PBXNativeTarget section */
		647F232B1FFF3F5F00CCEEA9 /* Sample */ = {
			isa = PBXNativeTarget;
			buildConfigurationList = 647F233E1FFF3F5F00CCEEA9 /* Build configuration list for PBXNativeTarget "Sample" */;
			buildPhases = (
				022225B79652FF831B6545ED /* [CP] Check Pods Manifest.lock */,
				647F23281FFF3F5F00CCEEA9 /* Sources */,
				647F23291FFF3F5F00CCEEA9 /* Frameworks */,
				647F232A1FFF3F5F00CCEEA9 /* Resources */,
				C814F96BC7E1E23D0D5FBA95 /* [CP] Embed Pods Frameworks */,
			);
			buildRules = (
			);
			dependencies = (
			);
			name = Sample;
			productName = Sample;
			productReference = 647F232C1FFF3F5F00CCEEA9 /* Sample.app */;
			productType = "com.apple.product-type.application";
		};
/* End PBXNativeTarget section */

/* Begin PBXProject section */
		647F23241FFF3F5F00CCEEA9 /* Project object */ = {
			isa = PBXProject;
			attributes = {
				LastSwiftUpdateCheck = 0920;
				LastUpgradeCheck = 0930;
				ORGANIZATIONNAME = "Meniny Lab";
				TargetAttributes = {
					647F232B1FFF3F5F00CCEEA9 = {
						CreatedOnToolsVersion = 9.2;
						ProvisioningStyle = Automatic;
					};
				};
			};
			buildConfigurationList = 647F23271FFF3F5F00CCEEA9 /* Build configuration list for PBXProject "Sample" */;
			compatibilityVersion = "Xcode 8.0";
			developmentRegion = en;
			hasScannedForEncodings = 0;
			knownRegions = (
				en,
				Base,
			);
			mainGroup = 647F23231FFF3F5F00CCEEA9;
			productRefGroup = 647F232D1FFF3F5F00CCEEA9 /* Products */;
			projectDirPath = "";
			projectRoot = "";
			targets = (
				647F232B1FFF3F5F00CCEEA9 /* Sample */,
			);
		};
/* End PBXProject section */

/* Begin PBXResourcesBuildPhase section */
		647F232A1FFF3F5F00CCEEA9 /* Resources */ = {
			isa = PBXResourcesBuildPhase;
			buildActionMask = 2147483647;
			files = (
				647F233A1FFF3F5F00CCEEA9 /* LaunchScreen.storyboard in Resources */,
				647F23371FFF3F5F00CCEEA9 /* Assets.xcassets in Resources */,
				647F23351FFF3F5F00CCEEA9 /* Main.storyboard in Resources */,
			);
			runOnlyForDeploymentPostprocessing = 0;
		};
/* End PBXResourcesBuildPhase section */

/* Begin PBXShellScriptBuildPhase section */
		022225B79652FF831B6545ED /* [CP] Check Pods Manifest.lock */ = {
			isa = PBXShellScriptBuildPhase;
			buildActionMask = 2147483647;
			files = (
			);
			inputPaths = (
				"${PODS_PODFILE_DIR_PATH}/Podfile.lock",
				"${PODS_ROOT}/Manifest.lock",
			);
			name = "[CP] Check Pods Manifest.lock";
			outputPaths = (
				"$(DERIVED_FILE_DIR)/Pods-Sample-checkManifestLockResult.txt",
			);
			runOnlyForDeploymentPostprocessing = 0;
			shellPath = /bin/sh;
			shellScript = "diff \"${PODS_PODFILE_DIR_PATH}/Podfile.lock\" \"${PODS_ROOT}/Manifest.lock\" > /dev/null\nif [ $? != 0 ] ; then\n    # print error to STDERR\n    echo \"error: The sandbox is not in sync with the Podfile.lock. Run 'pod install' or update your CocoaPods installation.\" >&2\n    exit 1\nfi\n# This output is used by Xcode 'outputs' to avoid re-running this script phase.\necho \"SUCCESS\" > \"${SCRIPT_OUTPUT_FILE_0}\"\n";
			showEnvVarsInLog = 0;
		};
		C814F96BC7E1E23D0D5FBA95 /* [CP] Embed Pods Frameworks */ = {
			isa = PBXShellScriptBuildPhase;
			buildActionMask = 2147483647;
			files = (
			);
			inputPaths = (
				"${SRCROOT}/Pods/Target Support Files/Pods-Sample/Pods-Sample-frameworks.sh",
				"${BUILT_PRODUCTS_DIR}/JustLayout/JustLayout.framework",
			);
			name = "[CP] Embed Pods Frameworks";
			outputPaths = (
				"${TARGET_BUILD_DIR}/${FRAMEWORKS_FOLDER_PATH}/JustLayout.framework",
			);
			runOnlyForDeploymentPostprocessing = 0;
			shellPath = /bin/sh;
			shellScript = "\"${SRCROOT}/Pods/Target Support Files/Pods-Sample/Pods-Sample-frameworks.sh\"\n";
			showEnvVarsInLog = 0;
		};
/* End PBXShellScriptBuildPhase section */

/* Begin PBXSourcesBuildPhase section */
		647F23281FFF3F5F00CCEEA9 /* Sources */ = {
			isa = PBXSourcesBuildPhase;
			buildActionMask = 2147483647;
			files = (
				647F23321FFF3F5F00CCEEA9 /* ViewController.swift in Sources */,
				647F23301FFF3F5F00CCEEA9 /* AppDelegate.swift in Sources */,
			);
			runOnlyForDeploymentPostprocessing = 0;
		};
/* End PBXSourcesBuildPhase section */

/* Begin PBXVariantGroup section */
		647F23331FFF3F5F00CCEEA9 /* Main.storyboard */ = {
			isa = PBXVariantGroup;
			children = (
				647F23341FFF3F5F00CCEEA9 /* Base */,
			);
			name = Main.storyboard;
			sourceTree = "<group>";
		};
		647F23381FFF3F5F00CCEEA9 /* LaunchScreen.storyboard */ = {
			isa = PBXVariantGroup;
			children = (
				647F23391FFF3F5F00CCEEA9 /* Base */,
			);
			name = LaunchScreen.storyboard;
			sourceTree = "<group>";
		};
/* End PBXVariantGroup section */

/* Begin XCBuildConfiguration section */
		647F233C1FFF3F5F00CCEEA9 /* Debug */ = {
			isa = XCBuildConfiguration;
			buildSettings = {
				ALWAYS_SEARCH_USER_PATHS = NO;
				CLANG_ANALYZER_NONNULL = YES;
				CLANG_ANALYZER_NUMBER_OBJECT_CONVERSION = YES_AGGRESSIVE;
				CLANG_CXX_LANGUAGE_STANDARD = "gnu++14";
				CLANG_CXX_LIBRARY = "libc++";
				CLANG_ENABLE_MODULES = YES;
				CLANG_ENABLE_OBJC_ARC = YES;
				CLANG_WARN_BLOCK_CAPTURE_AUTORELEASING = YES;
				CLANG_WARN_BOOL_CONVERSION = YES;
				CLANG_WARN_COMMA = YES;
				CLANG_WARN_CONSTANT_CONVERSION = YES;
				CLANG_WARN_DEPRECATED_OBJC_IMPLEMENTATIONS = YES;
				CLANG_WARN_DIRECT_OBJC_ISA_USAGE = YES_ERROR;
				CLANG_WARN_DOCUMENTATION_COMMENTS = YES;
				CLANG_WARN_EMPTY_BODY = YES;
				CLANG_WARN_ENUM_CONVERSION = YES;
				CLANG_WARN_INFINITE_RECURSION = YES;
				CLANG_WARN_INT_CONVERSION = YES;
				CLANG_WARN_NON_LITERAL_NULL_CONVERSION = YES;
				CLANG_WARN_OBJC_IMPLICIT_RETAIN_SELF = YES;
				CLANG_WARN_OBJC_LITERAL_CONVERSION = YES;
				CLANG_WARN_OBJC_ROOT_CLASS = YES_ERROR;
				CLANG_WARN_RANGE_LOOP_ANALYSIS = YES;
				CLANG_WARN_STRICT_PROTOTYPES = YES;
				CLANG_WARN_SUSPICIOUS_MOVE = YES;
				CLANG_WARN_UNGUARDED_AVAILABILITY = YES_AGGRESSIVE;
				CLANG_WARN_UNREACHABLE_CODE = YES;
				CLANG_WARN__DUPLICATE_METHOD_MATCH = YES;
				CODE_SIGN_IDENTITY = "iPhone Developer";
				COPY_PHASE_STRIP = NO;
				DEBUG_INFORMATION_FORMAT = dwarf;
				ENABLE_STRICT_OBJC_MSGSEND = YES;
				ENABLE_TESTABILITY = YES;
				GCC_C_LANGUAGE_STANDARD = gnu11;
				GCC_DYNAMIC_NO_PIC = NO;
				GCC_NO_COMMON_BLOCKS = YES;
				GCC_OPTIMIZATION_LEVEL = 0;
				GCC_PREPROCESSOR_DEFINITIONS = (
					"DEBUG=1",
					"$(inherited)",
				);
				GCC_WARN_64_TO_32_BIT_CONVERSION = YES;
				GCC_WARN_ABOUT_RETURN_TYPE = YES_ERROR;
				GCC_WARN_UNDECLARED_SELECTOR = YES;
				GCC_WARN_UNINITIALIZED_AUTOS = YES_AGGRESSIVE;
				GCC_WARN_UNUSED_FUNCTION = YES;
				GCC_WARN_UNUSED_VARIABLE = YES;
				IPHONEOS_DEPLOYMENT_TARGET = 11.2;
				MTL_ENABLE_DEBUG_INFO = YES;
				ONLY_ACTIVE_ARCH = YES;
				SDKROOT = iphoneos;
				SWIFT_ACTIVE_COMPILATION_CONDITIONS = DEBUG;
				SWIFT_OPTIMIZATION_LEVEL = "-Onone";
			};
			name = Debug;
		};
		647F233D1FFF3F5F00CCEEA9 /* Release */ = {
			isa = XCBuildConfiguration;
			buildSettings = {
				ALWAYS_SEARCH_USER_PATHS = NO;
				CLANG_ANALYZER_NONNULL = YES;
				CLANG_ANALYZER_NUMBER_OBJECT_CONVERSION = YES_AGGRESSIVE;
				CLANG_CXX_LANGUAGE_STANDARD = "gnu++14";
				CLANG_CXX_LIBRARY = "libc++";
				CLANG_ENABLE_MODULES = YES;
				CLANG_ENABLE_OBJC_ARC = YES;
				CLANG_WARN_BLOCK_CAPTURE_AUTORELEASING = YES;
				CLANG_WARN_BOOL_CONVERSION = YES;
				CLANG_WARN_COMMA = YES;
				CLANG_WARN_CONSTANT_CONVERSION = YES;
				CLANG_WARN_DEPRECATED_OBJC_IMPLEMENTATIONS = YES;
				CLANG_WARN_DIRECT_OBJC_ISA_USAGE = YES_ERROR;
				CLANG_WARN_DOCUMENTATION_COMMENTS = YES;
				CLANG_WARN_EMPTY_BODY = YES;
				CLANG_WARN_ENUM_CONVERSION = YES;
				CLANG_WARN_INFINITE_RECURSION = YES;
				CLANG_WARN_INT_CONVERSION = YES;
				CLANG_WARN_NON_LITERAL_NULL_CONVERSION = YES;
				CLANG_WARN_OBJC_IMPLICIT_RETAIN_SELF = YES;
				CLANG_WARN_OBJC_LITERAL_CONVERSION = YES;
				CLANG_WARN_OBJC_ROOT_CLASS = YES_ERROR;
				CLANG_WARN_RANGE_LOOP_ANALYSIS = YES;
				CLANG_WARN_STRICT_PROTOTYPES = YES;
				CLANG_WARN_SUSPICIOUS_MOVE = YES;
				CLANG_WARN_UNGUARDED_AVAILABILITY = YES_AGGRESSIVE;
				CLANG_WARN_UNREACHABLE_CODE = YES;
				CLANG_WARN__DUPLICATE_METHOD_MATCH = YES;
				CODE_SIGN_IDENTITY = "iPhone Developer";
				COPY_PHASE_STRIP = NO;
				DEBUG_INFORMATION_FORMAT = "dwarf-with-dsym";
				ENABLE_NS_ASSERTIONS = NO;
				ENABLE_STRICT_OBJC_MSGSEND = YES;
				GCC_C_LANGUAGE_STANDARD = gnu11;
				GCC_NO_COMMON_BLOCKS = YES;
				GCC_WARN_64_TO_32_BIT_CONVERSION = YES;
				GCC_WARN_ABOUT_RETURN_TYPE = YES_ERROR;
				GCC_WARN_UNDECLARED_SELECTOR = YES;
				GCC_WARN_UNINITIALIZED_AUTOS = YES_AGGRESSIVE;
				GCC_WARN_UNUSED_FUNCTION = YES;
				GCC_WARN_UNUSED_VARIABLE = YES;
				IPHONEOS_DEPLOYMENT_TARGET = 11.2;
				MTL_ENABLE_DEBUG_INFO = NO;
				SDKROOT = iphoneos;
				SWIFT_OPTIMIZATION_LEVEL = "-Owholemodule";
				VALIDATE_PRODUCT = YES;
			};
			name = Release;
		};
		647F233F1FFF3F5F00CCEEA9 /* Debug */ = {
			isa = XCBuildConfiguration;
			baseConfigurationReference = 01EEE050FBE05D24D15D54F7 /* Pods-Sample.debug.xcconfig */;
			buildSettings = {
				ASSETCATALOG_COMPILER_APPICON_NAME = AppIcon;
				CODE_SIGN_STYLE = Automatic;
				DEVELOPMENT_TEAM = 63YL5QDMNS;
				INFOPLIST_FILE = Sample/Info.plist;
				LD_RUNPATH_SEARCH_PATHS = "$(inherited) @executable_path/Frameworks";
				PRODUCT_BUNDLE_IDENTIFIER = cn.meniny.JustLayout.Sample;
				PRODUCT_NAME = "$(TARGET_NAME)";
				SWIFT_VERSION = 4.0;
				TARGETED_DEVICE_FAMILY = "1,2";
			};
			name = Debug;
		};
		647F23401FFF3F5F00CCEEA9 /* Release */ = {
			isa = XCBuildConfiguration;
			baseConfigurationReference = B94A377CECFA26245C2F93EC /* Pods-Sample.release.xcconfig */;
			buildSettings = {
				ASSETCATALOG_COMPILER_APPICON_NAME = AppIcon;
				CODE_SIGN_STYLE = Automatic;
				DEVELOPMENT_TEAM = 63YL5QDMNS;
				INFOPLIST_FILE = Sample/Info.plist;
				LD_RUNPATH_SEARCH_PATHS = "$(inherited) @executable_path/Frameworks";
				PRODUCT_BUNDLE_IDENTIFIER = cn.meniny.JustLayout.Sample;
				PRODUCT_NAME = "$(TARGET_NAME)";
				SWIFT_VERSION = 4.0;
				TARGETED_DEVICE_FAMILY = "1,2";
			};
			name = Release;
		};
/* End XCBuildConfiguration section */

/* Begin XCConfigurationList section */
		647F23271FFF3F5F00CCEEA9 /* Build configuration list for PBXProject "Sample" */ = {
			isa = XCConfigurationList;
			buildConfigurations = (
				647F233C1FFF3F5F00CCEEA9 /* Debug */,
				647F233D1FFF3F5F00CCEEA9 /* Release */,
			);
			defaultConfigurationIsVisible = 0;
			defaultConfigurationName = Release;
		};
		647F233E1FFF3F5F00CCEEA9 /* Build configuration list for PBXNativeTarget "Sample" */ = {
			isa = XCConfigurationList;
			buildConfigurations = (
				647F233F1FFF3F5F00CCEEA9 /* Debug */,
				647F23401FFF3F5F00CCEEA9 /* Release */,
			);
			defaultConfigurationIsVisible = 0;
			defaultConfigurationName = Release;
		};
/* End XCConfigurationList section */
	};
	rootObject = 647F23241FFF3F5F00CCEEA9 /* Project object */;
}
