PODS:
  - JustLayout/Core (1.5.0)
  - JustLayout/DSL (1.5.0):
    - JustLayout/Core

DEPENDENCIES:
  - JustLayout/DSL (from `../`)

EXTERNAL SOURCES:
  JustLayout:
    :path: "../"

SPEC CHECKSUMS:
  JustLayout: d326c032c53767d94f1577602bfc70f0ec667b0f

PODFILE CHECKSUM: af77d399a413abf749f97add2573bf924959ad2d

COCOAPODS: 1.5.2
